// !$*UTF8*$!
{
	archiveVersion = 1;
	classes = {
	};
	objectVersion = 46;
	objects = {

/* Begin PBXBuildFile section */
		113112501DEFACD000256086 /* AppDelegate.swift in Sources */ = {isa = PBXBuildFile; fileRef = 1131124F1DEFACD000256086 /* AppDelegate.swift */; };
		113112521DEFACD000256086 /* ViewController.swift in Sources */ = {isa = PBXBuildFile; fileRef = 113112511DEFACD000256086 /* ViewController.swift */; };
		113112551DEFACD000256086 /* Main.storyboard in Resources */ = {isa = PBXBuildFile; fileRef = 113112531DEFACD000256086 /* Main.storyboard */; };
		113112581DEFACD000256086 /* PhoneBookCoreData.xcdatamodeld in Sources */ = {isa = PBXBuildFile; fileRef = 113112561DEFACD000256086 /* PhoneBookCoreData.xcdatamodeld */; };
		1131125A1DEFACD000256086 /* Assets.xcassets in Resources */ = {isa = PBXBuildFile; fileRef = 113112591DEFACD000256086 /* Assets.xcassets */; };
		1131125D1DEFACD000256086 /* LaunchScreen.storyboard in Resources */ = {isa = PBXBuildFile; fileRef = 1131125B1DEFACD000256086 /* LaunchScreen.storyboard */; };
		113112681DEFACD000256086 /* PhoneBookCoreDataTests.swift in Sources */ = {isa = PBXBuildFile; fileRef = 113112671DEFACD000256086 /* PhoneBookCoreDataTests.swift */; };
/* End PBXBuildFile section */

/* Begin PBXContainerItemProxy section */
		113112641DEFACD000256086 /* PBXContainerItemProxy */ = {
			isa = PBXContainerItemProxy;
			containerPortal = 113112441DEFACCF00256086 /* Project object */;
			proxyType = 1;
			remoteGlobalIDString = 1131124B1DEFACCF00256086;
			remoteInfo = PhoneBookCoreData;
		};
/* End PBXContainerItemProxy section */

/* Begin PBXFileReference section */
		1131124C1DEFACD000256086 /* PhoneBookCoreData.app */ = {isa = PBXFileReference; explicitFileType = wrapper.application; includeInIndex = 0; path = PhoneBookCoreData.app; sourceTree = BUILT_PRODUCTS_DIR; };
		1131124F1DEFACD000256086 /* AppDelegate.swift */ = {isa = PBXFileReference; lastKnownFileType = sourcecode.swift; path = AppDelegate.swift; sourceTree = "<group>"; };
		113112511DEFACD000256086 /* ViewController.swift */ = {isa = PBXFileReference; lastKnownFileType = sourcecode.swift; path = ViewController.swift; sourceTree = "<group>"; };
		113112541DEFACD000256086 /* Base */ = {isa = PBXFileReference; lastKnownFileType = file.storyboard; name = Base; path = Base.lproj/Main.storyboard; sourceTree = "<group>"; };
		113112571DEFACD000256086 /* PhoneBookCoreData.xcdatamodel */ = {isa = PBXFileReference; lastKnownFileType = wrapper.xcdatamodel; path = PhoneBookCoreData.xcdatamodel; sourceTree = "<group>"; };
		113112591DEFACD000256086 /* Assets.xcassets */ = {isa = PBXFileReference; lastKnownFileType = folder.assetcatalog; path = Assets.xcassets; sourceTree = "<group>"; };
		1131125C1DEFACD000256086 /* Base */ = {isa = PBXFileReference; lastKnownFileType = file.storyboard; name = Base; path = Base.lproj/LaunchScreen.storyboard; sourceTree = "<group>"; };
		1131125E1DEFACD000256086 /* Info.plist */ = {isa = PBXFileReference; lastKnownFileType = text.plist.xml; path = Info.plist; sourceTree = "<group>"; };
		113112631DEFACD000256086 /* PhoneBookCoreDataTests.xctest */ = {isa = PBXFileReference; explicitFileType = wrapper.cfbundle; includeInIndex = 0; path = PhoneBookCoreDataTests.xctest; sourceTree = BUILT_PRODUCTS_DIR; };
		113112671DEFACD000256086 /* PhoneBookCoreDataTests.swift */ = {isa = PBXFileReference; lastKnownFileType = sourcecode.swift; path = PhoneBookCoreDataTests.swift; sourceTree = "<group>"; };
		113112691DEFACD000256086 /* Info.plist */ = {isa = PBXFileReference; lastKnownFileType = text.plist.xml; path = Info.plist; sourceTree = "<group>"; };
/* End PBXFileReference section */

/* Begin PBXFrameworksBuildPhase section */
		113112491DEFACCF00256086 /* Frameworks */ = {
			isa = PBXFrameworksBuildPhase;
			buildActionMask = 2147483647;
			files = (
			);
			runOnlyForDeploymentPostprocessing = 0;
		};
		113112601DEFACD000256086 /* Frameworks */ = {
			isa = PBXFrameworksBuildPhase;
			buildActionMask = 2147483647;
			files = (
			);
			runOnlyForDeploymentPostprocessing = 0;
		};
/* End PBXFrameworksBuildPhase section */

/* Begin PBXGroup section */
		113112431DEFACCF00256086 = {
			isa = PBXGroup;
			children = (
				1131124E1DEFACD000256086 /* PhoneBookCoreData */,
				113112661DEFACD000256086 /* PhoneBookCoreDataTests */,
				1131124D1DEFACD000256086 /* Products */,
			);
			sourceTree = "<group>";
		};
		1131124D1DEFACD000256086 /* Products */ = {
			isa = PBXGroup;
			children = (
				1131124C1DEFACD000256086 /* PhoneBookCoreData.app */,
				113112631DEFACD000256086 /* PhoneBookCoreDataTests.xctest */,
			);
			name = Products;
			sourceTree = "<group>";
		};
		1131124E1DEFACD000256086 /* PhoneBookCoreData */ = {
			isa = PBXGroup;
			children = (
				1131124F1DEFACD000256086 /* AppDelegate.swift */,
				113112511DEFACD000256086 /* ViewController.swift */,
				113112531DEFACD000256086 /* Main.storyboard */,
				113112591DEFACD000256086 /* Assets.xcassets */,
				1131125B1DEFACD000256086 /* LaunchScreen.storyboard */,
				1131125E1DEFACD000256086 /* Info.plist */,
				113112561DEFACD000256086 /* PhoneBookCoreData.xcdatamodeld */,
			);
			path = PhoneBookCoreData;
			sourceTree = "<group>";
		};
		113112661DEFACD000256086 /* PhoneBookCoreDataTests */ = {
			isa = PBXGroup;
			children = (
				113112671DEFACD000256086 /* PhoneBookCoreDataTests.swift */,
				113112691DEFACD000256086 /* Info.plist */,
			);
			path = PhoneBookCoreDataTests;
			sourceTree = "<group>";
		};
/* End PBXGroup section */

/* Begin PBXNativeTarget section */
		1131124B1DEFACCF00256086 /* PhoneBookCoreData */ = {
			isa = PBXNativeTarget;
			buildConfigurationList = 1131126C1DEFACD000256086 /* Build configuration list for PBXNativeTarget "PhoneBookCoreData" */;
			buildPhases = (
				113112481DEFACCF00256086 /* Sources */,
				113112491DEFACCF00256086 /* Frameworks */,
				1131124A1DEFACCF00256086 /* Resources */,
			);
			buildRules = (
			);
			dependencies = (
			);
			name = PhoneBookCoreData;
			productName = PhoneBookCoreData;
			productReference = 1131124C1DEFACD000256086 /* PhoneBookCoreData.app */;
			productType = "com.apple.product-type.application";
		};
		113112621DEFACD000256086 /* PhoneBookCoreDataTests */ = {
			isa = PBXNativeTarget;
			buildConfigurationList = 1131126F1DEFACD000256086 /* Build configuration list for PBXNativeTarget "PhoneBookCoreDataTests" */;
			buildPhases = (
				1131125F1DEFACD000256086 /* Sources */,
				113112601DEFACD000256086 /* Frameworks */,
				113112611DEFACD000256086 /* Resources */,
			);
			buildRules = (
			);
			dependencies = (
				113112651DEFACD000256086 /* PBXTargetDependency */,
			);
			name = PhoneBookCoreDataTests;
			productName = PhoneBookCoreDataTests;
			productReference = 113112631DEFACD000256086 /* PhoneBookCoreDataTests.xctest */;
			productType = "com.apple.product-type.bundle.unit-test";
		};
/* End PBXNativeTarget section */

/* Begin PBXProject section */
		113112441DEFACCF00256086 /* Project object */ = {
			isa = PBXProject;
			attributes = {
				LastSwiftUpdateCheck = 0800;
				LastUpgradeCheck = 0800;
				ORGANIZATIONNAME = "Milad ";
				TargetAttributes = {
					1131124B1DEFACCF00256086 = {
						CreatedOnToolsVersion = 8.0;
						DevelopmentTeam = V7LNKYNJ2Z;
						ProvisioningStyle = Automatic;
					};
					113112621DEFACD000256086 = {
						CreatedOnToolsVersion = 8.0;
						DevelopmentTeam = V7LNKYNJ2Z;
						ProvisioningStyle = Automatic;
						TestTargetID = 1131124B1DEFACCF00256086;
					};
				};
			};
			buildConfigurationList = 113112471DEFACCF00256086 /* Build configuration list for PBXProject "PhoneBookCoreData" */;
			compatibilityVersion = "Xcode 3.2";
			developmentRegion = English;
			hasScannedForEncodings = 0;
			knownRegions = (
				en,
				Base,
			);
			mainGroup = 113112431DEFACCF00256086;
			productRefGroup = 1131124D1DEFACD000256086 /* Products */;
			projectDirPath = "";
			projectRoot = "";
			targets = (
				1131124B1DEFACCF00256086 /* PhoneBookCoreData */,
				113112621DEFACD000256086 /* PhoneBookCoreDataTests */,
			);
		};
/* End PBXProject section */

/* Begin PBXResourcesBuildPhase section */
		1131124A1DEFACCF00256086 /* Resources */ = {
			isa = PBXResourcesBuildPhase;
			buildActionMask = 2147483647;
			files = (
				1131125D1DEFACD000256086 /* LaunchScreen.storyboard in Resources */,
				1131125A1DEFACD000256086 /* Assets.xcassets in Resources */,
				113112551DEFACD000256086 /* Main.storyboard in Resources */,
			);
			runOnlyForDeploymentPostprocessing = 0;
		};
		113112611DEFACD000256086 /* Resources */ = {
			isa = PBXResourcesBuildPhase;
			buildActionMask = 2147483647;
			files = (
			);
			runOnlyForDeploymentPostprocessing = 0;
		};
/* End PBXResourcesBuildPhase section */

/* Begin PBXSourcesBuildPhase section */
		113112481DEFACCF00256086 /* Sources */ = {
			isa = PBXSourcesBuildPhase;
			buildActionMask = 2147483647;
			files = (
				113112581DEFACD000256086 /* PhoneBookCoreData.xcdatamodeld in Sources */,
				113112521DEFACD000256086 /* ViewController.swift in Sources */,
				113112501DEFACD000256086 /* AppDelegate.swift in Sources */,
			);
			runOnlyForDeploymentPostprocessing = 0;
		};
		1131125F1DEFACD000256086 /* Sources */ = {
			isa = PBXSourcesBuildPhase;
			buildActionMask = 2147483647;
			files = (
				113112681DEFACD000256086 /* PhoneBookCoreDataTests.swift in Sources */,
			);
			runOnlyForDeploymentPostprocessing = 0;
		};
/* End PBXSourcesBuildPhase section */

/* Begin PBXTargetDependency section */
		113112651DEFACD000256086 /* PBXTargetDependency */ = {
			isa = PBXTargetDependency;
			target = 1131124B1DEFACCF00256086 /* PhoneBookCoreData */;
			targetProxy = 113112641DEFACD000256086 /* PBXContainerItemProxy */;
		};
/* End PBXTargetDependency section */

/* Begin PBXVariantGroup section */
		113112531DEFACD000256086 /* Main.storyboard */ = {
			isa = PBXVariantGroup;
			children = (
				113112541DEFACD000256086 /* Base */,
			);
			name = Main.storyboard;
			sourceTree = "<group>";
		};
		1131125B1DEFACD000256086 /* LaunchScreen.storyboard */ = {
			isa = PBXVariantGroup;
			children = (
				1131125C1DEFACD000256086 /* Base */,
			);
			name = LaunchScreen.storyboard;
			sourceTree = "<group>";
		};
/* End PBXVariantGroup section */

/* Begin XCBuildConfiguration section */
		1131126A1DEFACD000256086 /* Debug */ = {
			isa = XCBuildConfiguration;
			buildSettings = {
				ALWAYS_SEARCH_USER_PATHS = NO;
				CLANG_ANALYZER_NONNULL = YES;
				CLANG_CXX_LANGUAGE_STANDARD = "gnu++0x";
				CLANG_CXX_LIBRARY = "libc++";
				CLANG_ENABLE_MODULES = YES;
				CLANG_ENABLE_OBJC_ARC = YES;
				CLANG_WARN_BOOL_CONVERSION = YES;
				CLANG_WARN_CONSTANT_CONVERSION = YES;
				CLANG_WARN_DIRECT_OBJC_ISA_USAGE = YES_ERROR;
				CLANG_WARN_DOCUMENTATION_COMMENTS = YES;
				CLANG_WARN_EMPTY_BODY = YES;
				CLANG_WARN_ENUM_CONVERSION = YES;
				CLANG_WARN_INFINITE_RECURSION = YES;
				CLANG_WARN_INT_CONVERSION = YES;
				CLANG_WARN_OBJC_ROOT_CLASS = YES_ERROR;
				CLANG_WARN_SUSPICIOUS_MOVES = YES;
				CLANG_WARN_UNREACHABLE_CODE = YES;
				CLANG_WARN__DUPLICATE_METHOD_MATCH = YES;
				"CODE_SIGN_IDENTITY[sdk=iphoneos*]" = "iPhone Developer";
				COPY_PHASE_STRIP = NO;
				DEBUG_INFORMATION_FORMAT = dwarf;
				ENABLE_STRICT_OBJC_MSGSEND = YES;
				ENABLE_TESTABILITY = YES;
				GCC_C_LANGUAGE_STANDARD = gnu99;
				GCC_DYNAMIC_NO_PIC = NO;
				GCC_NO_COMMON_BLOCKS = YES;
				GCC_OPTIMIZATION_LEVEL = 0;
				GCC_PREPROCESSOR_DEFINITIONS = (
					"DEBUG=1",
					"$(inherited)",
				);
				GCC_WARN_64_TO_32_BIT_CONVERSION = YES;
				GCC_WARN_ABOUT_RETURN_TYPE = YES_ERROR;
				GCC_WARN_UNDECLARED_SELECTOR = YES;
				GCC_WARN_UNINITIALIZED_AUTOS = YES_AGGRESSIVE;
				GCC_WARN_UNUSED_FUNCTION = YES;
				GCC_WARN_UNUSED_VARIABLE = YES;
				IPHONEOS_DEPLOYMENT_TARGET = 10.0;
				MTL_ENABLE_DEBUG_INFO = YES;
				ONLY_ACTIVE_ARCH = YES;
				SDKROOT = iphoneos;
				SWIFT_ACTIVE_COMPILATION_CONDITIONS = DEBUG;
				SWIFT_OPTIMIZATION_LEVEL = "-Onone";
			};
			name = Debug;
		};
		1131126B1DEFACD000256086 /* Release */ = {
			isa = XCBuildConfiguration;
			buildSettings = {
				ALWAYS_SEARCH_USER_PATHS = NO;
				CLANG_ANALYZER_NONNULL = YES;
				CLANG_CXX_LANGUAGE_STANDARD = "gnu++0x";
				CLANG_CXX_LIBRARY = "libc++";
				CLANG_ENABLE_MODULES = YES;
				CLANG_ENABLE_OBJC_ARC = YES;
				CLANG_WARN_BOOL_CONVERSION = YES;
				CLANG_WARN_CONSTANT_CONVERSION = YES;
				CLANG_WARN_DIRECT_OBJC_ISA_USAGE = YES_ERROR;
				CLANG_WARN_DOCUMENTATION_COMMENTS = YES;
				CLANG_WARN_EMPTY_BODY = YES;
				CLANG_WARN_ENUM_CONVERSION = YES;
				CLANG_WARN_INFINITE_RECURSION = YES;
				CLANG_WARN_INT_CONVERSION = YES;
				CLANG_WARN_OBJC_ROOT_CLASS = YES_ERROR;
				CLANG_WARN_SUSPICIOUS_MOVES = YES;
				CLANG_WARN_UNREACHABLE_CODE = YES;
				CLANG_WARN__DUPLICATE_METHOD_MATCH = YES;
				"CODE_SIGN_IDENTITY[sdk=iphoneos*]" = "iPhone Developer";
				COPY_PHASE_STRIP = NO;
				DEBUG_INFORMATION_FORMAT = "dwarf-with-dsym";
				ENABLE_NS_ASSERTIONS = NO;
				ENABLE_STRICT_OBJC_MSGSEND = YES;
				GCC_C_LANGUAGE_STANDARD = gnu99;
				GCC_NO_COMMON_BLOCKS = YES;
				GCC_WARN_64_TO_32_BIT_CONVERSION = YES;
				GCC_WARN_ABOUT_RETURN_TYPE = YES_ERROR;
				GCC_WARN_UNDECLARED_SELECTOR = YES;
				GCC_WARN_UNINITIALIZED_AUTOS = YES_AGGRESSIVE;
				GCC_WARN_UNUSED_FUNCTION = YES;
				GCC_WARN_UNUSED_VARIABLE = YES;
				IPHONEOS_DEPLOYMENT_TARGET = 10.0;
				MTL_ENABLE_DEBUG_INFO = NO;
				SDKROOT = iphoneos;
				SWIFT_OPTIMIZATION_LEVEL = "-Owholemodule";
				VALIDATE_PRODUCT = YES;
			};
			name = Release;
		};
		1131126D1DEFACD000256086 /* Debug */ = {
			isa = XCBuildConfiguration;
			buildSettings = {
				ASSETCATALOG_COMPILER_APPICON_NAME = AppIcon;
				DEVELOPMENT_TEAM = V7LNKYNJ2Z;
				INFOPLIST_FILE = PhoneBookCoreData/Info.plist;
				LD_RUNPATH_SEARCH_PATHS = "$(inherited) @executable_path/Frameworks";
				PRODUCT_BUNDLE_IDENTIFIER = com.itp344finalproject.www.PhoneBookCoreData;
				PRODUCT_NAME = "$(TARGET_NAME)";
				SWIFT_VERSION = 3.0;
			};
			name = Debug;
		};
		1131126E1DEFACD000256086 /* Release */ = {
			isa = XCBuildConfiguration;
			buildSettings = {
				ASSETCATALOG_COMPILER_APPICON_NAME = AppIcon;
				DEVELOPMENT_TEAM = V7LNKYNJ2Z;
				INFOPLIST_FILE = PhoneBookCoreData/Info.plist;
				LD_RUNPATH_SEARCH_PATHS = "$(inherited) @executable_path/Frameworks";
				PRODUCT_BUNDLE_IDENTIFIER = com.itp344finalproject.www.PhoneBookCoreData;
				PRODUCT_NAME = "$(TARGET_NAME)";
				SWIFT_VERSION = 3.0;
			};
			name = Release;
		};
		113112701DEFACD000256086 /* Debug */ = {
			isa = XCBuildConfiguration;
			buildSettings = {
				ALWAYS_EMBED_SWIFT_STANDARD_LIBRARIES = YES;
				BUNDLE_LOADER = "$(TEST_HOST)";
				DEVELOPMENT_TEAM = V7LNKYNJ2Z;
				INFOPLIST_FILE = PhoneBookCoreDataTests/Info.plist;
				LD_RUNPATH_SEARCH_PATHS = "$(inherited) @executable_path/Frameworks @loader_path/Frameworks";
				PRODUCT_BUNDLE_IDENTIFIER = com.itp344finalproject.www.PhoneBookCoreDataTests;
				PRODUCT_NAME = "$(TARGET_NAME)";
				SWIFT_VERSION = 3.0;
				TEST_HOST = "$(BUILT_PRODUCTS_DIR)/PhoneBookCoreData.app/PhoneBookCoreData";
			};
			name = Debug;
		};
		113112711DEFACD000256086 /* Release */ = {
			isa = XCBuildConfiguration;
			buildSettings = {
				ALWAYS_EMBED_SWIFT_STANDARD_LIBRARIES = YES;
				BUNDLE_LOADER = "$(TEST_HOST)";
				DEVELOPMENT_TEAM = V7LNKYNJ2Z;
				INFOPLIST_FILE = PhoneBookCoreDataTests/Info.plist;
				LD_RUNPATH_SEARCH_PATHS = "$(inherited) @executable_path/Frameworks @loader_path/Frameworks";
				PRODUCT_BUNDLE_IDENTIFIER = com.itp344finalproject.www.PhoneBookCoreDataTests;
				PRODUCT_NAME = "$(TARGET_NAME)";
				SWIFT_VERSION = 3.0;
				TEST_HOST = "$(BUILT_PRODUCTS_DIR)/PhoneBookCoreData.app/PhoneBookCoreData";
			};
			name = Release;
		};
/* End XCBuildConfiguration section */

/* Begin XCConfigurationList section */
		113112471DEFACCF00256086 /* Build configuration list for PBXProject "PhoneBookCoreData" */ = {
			isa = XCConfigurationList;
			buildConfigurations = (
				1131126A1DEFACD000256086 /* Debug */,
				1131126B1DEFACD000256086 /* Release */,
			);
			defaultConfigurationIsVisible = 0;
			defaultConfigurationName = Release;
		};
		1131126C1DEFACD000256086 /* Build configuration list for PBXNativeTarget "PhoneBookCoreData" */ = {
			isa = XCConfigurationList;
			buildConfigurations = (
				1131126D1DEFACD000256086 /* Debug */,
				1131126E1DEFACD000256086 /* Release */,
			);
			defaultConfigurationIsVisible = 0;
		};
		1131126F1DEFACD000256086 /* Build configuration list for PBXNativeTarget "PhoneBookCoreDataTests" */ = {
			isa = XCConfigurationList;
			buildConfigurations = (
				113112701DEFACD000256086 /* Debug */,
				113112711DEFACD000256086 /* Release */,
			);
			defaultConfigurationIsVisible = 0;
		};
/* End XCConfigurationList section */

/* Begin XCVersionGroup section */
		113112561DEFACD000256086 /* PhoneBookCoreData.xcdatamodeld */ = {
			isa = XCVersionGroup;
			children = (
				113112571DEFACD000256086 /* PhoneBookCoreData.xcdatamodel */,
			);
			currentVersion = 113112571DEFACD000256086 /* PhoneBookCoreData.xcdatamodel */;
			path = PhoneBookCoreData.xcdatamodeld;
			sourceTree = "<group>";
			versionGroupType = wrapper.xcdatamodel;
		};
/* End XCVersionGroup section */
	};
	rootObject = 113112441DEFACCF00256086 /* Project object */;
}
